
Microsoft Visual Studio Solution File, Format Version 12.00
# Visual Studio Version 17
VisualStudioVersion = 17.7.34024.191
MinimumVisualStudioVersion = 10.0.40219.1
Project("{FAE04EC0-301F-11D3-BF4B-00C04F79EFBC}") = "AnperoFrontend", "AnperoFrontend\AnperoFrontend.csproj", "{3DF8BD89-CFCE-40B2-933D-F19E27519EB0}"
EndProject
Project("{FAE04EC0-301F-11D3-BF4B-00C04F79EFBC}") = "AnperoModels", "AnperoModels\AnperoModels.csproj", "{EEF8A76E-C36F-4260-9015-8C75619F3EDE}"
EndProject
Project("{FAE04EC0-301F-11D3-BF4B-00C04F79EFBC}") = "Anpero.Ultil", "Anpero.Ultil\Anpero.Ultil.csproj", "{1341FD76-BF7D-480F-949D-6639CDB1E3C0}"
EndProject
Global
	GlobalSection(SolutionConfigurationPlatforms) = preSolution
		Debug|Any CPU = Debug|Any CPU
		Release|Any CPU = Release|Any CPU
	EndGlobalSection
	GlobalSection(ProjectConfigurationPlatforms) = postSolution
		{3DF8BD89-CFCE-40B2-933D-F19E27519EB0}.Debug|Any CPU.ActiveCfg = Debug|Any CPU
		{3DF8BD89-CFCE-40B2-933D-F19E27519EB0}.Debug|Any CPU.Build.0 = Debug|Any CPU
		{3DF8BD89-CFCE-40B2-933D-F19E27519EB0}.Release|Any CPU.ActiveCfg = Release|Any CPU
		{3DF8BD89-CFCE-40B2-933D-F19E27519EB0}.Release|Any CPU.Build.0 = Release|Any CPU
		{EEF8A76E-C36F-4260-9015-8C75619F3EDE}.Debug|Any CPU.ActiveCfg = Debug|Any CPU
		{EEF8A76E-C36F-4260-9015-8C75619F3EDE}.Debug|Any CPU.Build.0 = Debug|Any CPU
		{EEF8A76E-C36F-4260-9015-8C75619F3EDE}.Release|Any CPU.ActiveCfg = Release|Any CPU
		{EEF8A76E-C36F-4260-9015-8C75619F3EDE}.Release|Any CPU.Build.0 = Release|Any CPU
		{1341FD76-BF7D-480F-949D-6639CDB1E3C0}.Debug|Any CPU.ActiveCfg = Debug|Any CPU
		{1341FD76-BF7D-480F-949D-6639CDB1E3C0}.Debug|Any CPU.Build.0 = Debug|Any CPU
		{1341FD76-BF7D-480F-949D-6639CDB1E3C0}.Release|Any CPU.ActiveCfg = Release|Any CPU
		{1341FD76-BF7D-480F-949D-6639CDB1E3C0}.Release|Any CPU.Build.0 = Release|Any CPU
	EndGlobalSection
	GlobalSection(SolutionProperties) = preSolution
		HideSolutionNode = FALSE
	EndGlobalSection
	GlobalSection(ExtensibilityGlobals) = postSolution
		SolutionGuid = {DF309724-AE02-4F90-80F8-3BB506BFBBBC}
	EndGlobalSection
EndGlobal
