
Microsoft Visual Studio Solution File, Format Version 12.00
# Visual Studio Version 17
VisualStudioVersion = 17.7.34024.191
MinimumVisualStudioVersion = 10.0.40219.1
Project("{9A19103F-16F7-4668-BE54-9A1E7A4F7556}") = "AnperoFrontend", "AnperoFrontend\AnperoFrontend.csproj", "{3DF8BD89-CFCE-40B2-933D-F19E27519EB0}"
EndProject
Project("{9A19103F-16F7-4668-BE54-9A1E7A4F7556}") = "AnperoModels", "AnperoModels\AnperoModels.csproj", "{EEF8A76E-C36F-4260-9015-8C75619F3EDE}"
EndProject
Project("{9A19103F-16F7-4668-BE54-9A1E7A4F7556}") = "Anpero.Ultil", "Anpero.Ultil\Anpero.Ultil.csproj", "{1341FD76-BF7D-480F-949D-6639CDB1E3C0}"
EndProject
Project("{9A19103F-16F7-4668-BE54-9A1E7A4F7556}") = "AnperoControl", "AnperoControl\AnperoControl.csproj", "{09725CAE-9480-4271-A895-A54E02D41511}"
EndProject
Project("{2150E333-8FDC-42A3-9474-1A3956D46DE8}") = "Solution Items", "Solution Items", "{A0A89512-E58B-4317-AA8F-EEB4BBA14106}"
	ProjectSection(SolutionItems) = preProject
		.editorconfig = .editorconfig
	EndProjectSection
EndProject
Project("{FAE04EC0-301F-11D3-BF4B-00C04F79EFBC}") = "AnperoEnum", "AnperoEnum\AnperoEnum.csproj", "{4A4404C0-1B0C-443D-BBC2-4E273AFE93E7}"
EndProject
Global
	GlobalSection(SolutionConfigurationPlatforms) = preSolution
		Debug|Any CPU = Debug|Any CPU
		Prod|Any CPU = Prod|Any CPU
		Release|Any CPU = Release|Any CPU
	EndGlobalSection
	GlobalSection(ProjectConfigurationPlatforms) = postSolution
		{3DF8BD89-CFCE-40B2-933D-F19E27519EB0}.Debug|Any CPU.ActiveCfg = Debug|Any CPU
		{3DF8BD89-CFCE-40B2-933D-F19E27519EB0}.Debug|Any CPU.Build.0 = Debug|Any CPU
		{3DF8BD89-CFCE-40B2-933D-F19E27519EB0}.Prod|Any CPU.ActiveCfg = Release|Any CPU
		{3DF8BD89-CFCE-40B2-933D-F19E27519EB0}.Prod|Any CPU.Build.0 = Release|Any CPU
		{3DF8BD89-CFCE-40B2-933D-F19E27519EB0}.Release|Any CPU.ActiveCfg = Release|Any CPU
		{3DF8BD89-CFCE-40B2-933D-F19E27519EB0}.Release|Any CPU.Build.0 = Release|Any CPU
		{EEF8A76E-C36F-4260-9015-8C75619F3EDE}.Debug|Any CPU.ActiveCfg = Debug|Any CPU
		{EEF8A76E-C36F-4260-9015-8C75619F3EDE}.Debug|Any CPU.Build.0 = Debug|Any CPU
		{EEF8A76E-C36F-4260-9015-8C75619F3EDE}.Prod|Any CPU.ActiveCfg = Prod|Any CPU
		{EEF8A76E-C36F-4260-9015-8C75619F3EDE}.Prod|Any CPU.Build.0 = Prod|Any CPU
		{EEF8A76E-C36F-4260-9015-8C75619F3EDE}.Release|Any CPU.ActiveCfg = Release|Any CPU
		{EEF8A76E-C36F-4260-9015-8C75619F3EDE}.Release|Any CPU.Build.0 = Release|Any CPU
		{1341FD76-BF7D-480F-949D-6639CDB1E3C0}.Debug|Any CPU.ActiveCfg = Debug|Any CPU
		{1341FD76-BF7D-480F-949D-6639CDB1E3C0}.Debug|Any CPU.Build.0 = Debug|Any CPU
		{1341FD76-BF7D-480F-949D-6639CDB1E3C0}.Prod|Any CPU.ActiveCfg = Prod|Any CPU
		{1341FD76-BF7D-480F-949D-6639CDB1E3C0}.Prod|Any CPU.Build.0 = Prod|Any CPU
		{1341FD76-BF7D-480F-949D-6639CDB1E3C0}.Release|Any CPU.ActiveCfg = Release|Any CPU
		{1341FD76-BF7D-480F-949D-6639CDB1E3C0}.Release|Any CPU.Build.0 = Release|Any CPU
		{09725CAE-9480-4271-A895-A54E02D41511}.Debug|Any CPU.ActiveCfg = Debug|Any CPU
		{09725CAE-9480-4271-A895-A54E02D41511}.Debug|Any CPU.Build.0 = Debug|Any CPU
		{09725CAE-9480-4271-A895-A54E02D41511}.Prod|Any CPU.ActiveCfg = Prod|Any CPU
		{09725CAE-9480-4271-A895-A54E02D41511}.Prod|Any CPU.Build.0 = Prod|Any CPU
		{09725CAE-9480-4271-A895-A54E02D41511}.Release|Any CPU.ActiveCfg = Release|Any CPU
		{09725CAE-9480-4271-A895-A54E02D41511}.Release|Any CPU.Build.0 = Release|Any CPU
		{4A4404C0-1B0C-443D-BBC2-4E273AFE93E7}.Debug|Any CPU.ActiveCfg = Debug|Any CPU
		{4A4404C0-1B0C-443D-BBC2-4E273AFE93E7}.Debug|Any CPU.Build.0 = Debug|Any CPU
		{4A4404C0-1B0C-443D-BBC2-4E273AFE93E7}.Prod|Any CPU.ActiveCfg = Debug|Any CPU
		{4A4404C0-1B0C-443D-BBC2-4E273AFE93E7}.Prod|Any CPU.Build.0 = Debug|Any CPU
		{4A4404C0-1B0C-443D-BBC2-4E273AFE93E7}.Release|Any CPU.ActiveCfg = Release|Any CPU
		{4A4404C0-1B0C-443D-BBC2-4E273AFE93E7}.Release|Any CPU.Build.0 = Release|Any CPU
	EndGlobalSection
	GlobalSection(SolutionProperties) = preSolution
		HideSolutionNode = FALSE
	EndGlobalSection
	GlobalSection(ExtensibilityGlobals) = postSolution
		SolutionGuid = {DF309724-AE02-4F90-80F8-3BB506BFBBBC}
	EndGlobalSection
EndGlobal
